#MicroXplorer Configuration settings - do not modify
FREERTOS.IPParameters=Tasks01
FREERTOS.Tasks01=defaultTask,0,128,StartDefaultTask,Default,NULL
File.Version=6
KeepUserPlacement=false
Mcu.Family=STM32L4
Mcu.IP0=FREERTOS
Mcu.IP1=I2C1
Mcu.IP2=NVIC
Mcu.IP3=OPAMP1
Mcu.IP4=OPAMP2
Mcu.IP5=RCC
Mcu.IP6=SPI1
Mcu.IP7=SYS
Mcu.IP8=USART1
Mcu.IPNb=9
Mcu.Name=STM32L476R(C-E-G)Tx
Mcu.Package=LQFP64
Mcu.Pin0=PC13
Mcu.Pin1=PC14-OSC32_IN (PC14)
Mcu.Pin10=PB0
Mcu.Pin11=PB1
Mcu.Pin12=PB2
Mcu.Pin13=PB13
Mcu.Pin14=PB14
Mcu.Pin15=PB15
Mcu.Pin16=PC6
Mcu.Pin17=PC7
Mcu.Pin18=PC9
Mcu.Pin19=PA8
Mcu.Pin2=PC15-OSC32_OUT (PC15)
Mcu.Pin20=PA9
Mcu.Pin21=PA10
Mcu.Pin22=PA11
Mcu.Pin23=PA12
Mcu.Pin24=PA13 (JTMS-SWDIO)
Mcu.Pin25=PA14 (JTCK-SWCLK)
Mcu.Pin26=PA15 (JTDI)
Mcu.Pin27=PC12
Mcu.Pin28=PB3 (JTDO-TRACESWO)
Mcu.Pin29=PB4 (NJTRST)
Mcu.Pin3=PA0
Mcu.Pin30=PB5
Mcu.Pin31=PB6
Mcu.Pin32=PB7
Mcu.Pin33=VP_FREERTOS_VS_ENABLE
Mcu.Pin34=VP_SYS_VS_Systick
Mcu.Pin4=PA1
Mcu.Pin5=PA3
Mcu.Pin6=PA5
Mcu.Pin7=PA6
Mcu.Pin8=PA7
Mcu.Pin9=PC5
Mcu.PinsNb=35
Mcu.ThirdPartyNb=0
Mcu.UserConstants=
Mcu.UserName=STM32L476RETx
MxCube.Version=4.24.0
MxDb.Version=DB.4.0.240
NVIC.BusFault_IRQn=true\:0\:0\:false\:false\:true\:false\:false
NVIC.DebugMonitor_IRQn=true\:0\:0\:false\:false\:true\:false\:false
NVIC.HardFault_IRQn=true\:0\:0\:false\:false\:true\:false\:false
NVIC.MemoryManagement_IRQn=true\:0\:0\:false\:false\:true\:false\:false
NVIC.NonMaskableInt_IRQn=true\:0\:0\:false\:false\:true\:false\:false
NVIC.PendSV_IRQn=true\:15\:0\:false\:false\:false\:true\:false
NVIC.PriorityGroup=NVIC_PRIORITYGROUP_4
NVIC.SVCall_IRQn=true\:0\:0\:false\:false\:false\:false\:false
NVIC.SysTick_IRQn=true\:15\:0\:false\:false\:true\:true\:false
NVIC.UsageFault_IRQn=true\:0\:0\:false\:false\:true\:false\:false
OPAMP1.IPParameters=PowerSupplyRange
OPAMP1.PowerSupplyRange=OPAMP_POWERSUPPLY_LOW
PA0.Mode=Standalone
PA0.Signal=OPAMP1_VINP
PA1.Mode=Standalone
PA1.Signal=OPAMP1_VINM
PA10.Locked=true
PA10.Mode=Asynchronous
PA10.Signal=USART1_RX
PA11.GPIOParameters=GPIO_Label
PA11.GPIO_Label=PANASHUTTER
PA11.Locked=true
PA11.Signal=GPIO_Output
PA12.GPIOParameters=GPIO_Label
PA12.GPIO_Label=PANAFOCUS
PA12.Locked=true
PA12.Signal=GPIO_Output
PA13\ (JTMS-SWDIO).Locked=true
PA13\ (JTMS-SWDIO).Mode=Serial_Wire
PA13\ (JTMS-SWDIO).Signal=SYS_JTMS-SWDIO
PA14\ (JTCK-SWCLK).Locked=true
PA14\ (JTCK-SWCLK).Mode=Serial_Wire
PA14\ (JTCK-SWCLK).Signal=SYS_JTCK-SWCLK
PA15\ (JTDI).Locked=true
PA15\ (JTDI).Mode=NSS_Signal_Hard_Output
PA15\ (JTDI).Signal=SPI1_NSS
PA3.Mode=Standalone
PA3.Signal=OPAMP1_VOUT
PA5.Locked=true
PA5.Mode=TX_Only_Simplex_Unidirect_Master
PA5.Signal=SPI1_SCK
PA6.Locked=true
PA6.Mode=PGA Connected
PA6.Signal=OPAMP2_VINP
PA7.Locked=true
PA7.Mode=PGA Connected
PA7.Signal=OPAMP2_VINM
PA8.GPIOParameters=GPIO_Label
PA8.GPIO_Label=Up
PA8.Locked=true
PA8.Signal=GPXTI8
PA9.Locked=true
PA9.Mode=Asynchronous
PA9.Signal=USART1_TX
PB0.Locked=true
PB0.Mode=PGA Connected
PB0.Signal=OPAMP2_VOUT
PB1.GPIOParameters=GPIO_Label
PB1.GPIO_Label=FOCUS
PB1.Locked=true
PB1.Signal=GPIO_Output
PB13.GPIOParameters=GPIO_Label
PB13.GPIO_Label=EINK_BS
PB13.Locked=true
PB13.Signal=GPIO_Input
PB14.GPIOParameters=GPIO_Label
PB14.GPIO_Label=EINK_BUSY
PB14.Locked=true
PB14.Signal=GPIO_Input
PB15.GPIOParameters=GPIO_Label
PB15.GPIO_Label=EINK_RST
PB15.Locked=true
PB15.Signal=GPIO_Output
PB2.GPIOParameters=GPIO_Label
PB2.GPIO_Label=SHUTTER
PB2.Locked=true
PB2.Signal=GPIO_Output
PB3\ (JTDO-TRACESWO).Locked=true
PB3\ (JTDO-TRACESWO).Signal=SYS_JTDO-SWO
PB4\ (NJTRST).Locked=true
PB4\ (NJTRST).Signal=GPXTI4
PB5.Mode=TX_Only_Simplex_Unidirect_Master
PB5.Signal=SPI1_MOSI
PB6.Locked=true
PB6.Mode=I2C
PB6.Signal=I2C1_SCL
PB7.Locked=true
PB7.Mode=I2C
PB7.Signal=I2C1_SDA
PC12.GPIOParameters=GPIO_Label
PC12.GPIO_Label=EINK_DC
PC12.Locked=true
PC12.Signal=GPIO_Input
PC13.GPIOParameters=GPIO_Label
PC13.GPIO_Label=EINK_PWR
PC13.Locked=true
PC13.Signal=GPIO_Output
PC14-OSC32_IN\ (PC14).Mode=LSE-External-Oscillator
PC14-OSC32_IN\ (PC14).Signal=RCC_OSC32_IN
PC15-OSC32_OUT\ (PC15).Mode=LSE-External-Oscillator
PC15-OSC32_OUT\ (PC15).Signal=RCC_OSC32_OUT
PC5.GPIOParameters=GPIO_Label
PC5.GPIO_Label=Ok
PC5.Locked=true
PC5.Signal=GPXTI5
PC6.GPIOParameters=GPIO_Label
PC6.GPIO_Label=Down
PC6.Locked=true
PC6.Signal=GPXTI6
PC7.GPIOParameters=GPIO_Label
PC7.GPIO_Label=Right
PC7.Locked=true
PC7.Signal=GPXTI7
PC9.GPIOParameters=GPIO_Label
PC9.GPIO_Label=Left
PC9.Locked=true
PC9.Signal=GPXTI9
PCC.Checker=true
PCC.Line=STM32L4x6
PCC.MCU=STM32L476R(C-E-G)Tx
PCC.PartNumber=STM32L476RETx
PCC.Seq0=0
PCC.Series=STM32L4
PCC.Temperature=25
PCC.Vdd=null
PinOutPanel.RotationAngle=0
RCC.FamilyName=M
RCC.HSE_VALUE=8000000
RCC.HSI_VALUE=16000000
RCC.IPParameters=FamilyName,HSE_VALUE,HSI_VALUE,LSCOPinFreq_Value,LSI_VALUE,MSI_VALUE,PLLPoutputFreq_Value,PLLQoutputFreq_Value,PLLRCLKFreq_Value,PLLSAI1PoutputFreq_Value,PLLSAI1QoutputFreq_Value,PLLSAI1RoutputFreq_Value,PLLSAI2PoutputFreq_Value,PLLSAI2RoutputFreq_Value,SAI1Freq_Value,SAI2Freq_Value,VCOInputFreq_Value,VCOOutputFreq_Value,VCOSAI1OutputFreq_Value,VCOSAI2OutputFreq_Value
RCC.LSCOPinFreq_Value=32000
RCC.LSI_VALUE=32000
RCC.MSI_VALUE=4000000
RCC.PLLPoutputFreq_Value=4571428.571428572
RCC.PLLQoutputFreq_Value=16000000
RCC.PLLRCLKFreq_Value=16000000
RCC.PLLSAI1PoutputFreq_Value=4571428.571428572
RCC.PLLSAI1QoutputFreq_Value=16000000
RCC.PLLSAI1RoutputFreq_Value=16000000
RCC.PLLSAI2PoutputFreq_Value=4571428.571428572
RCC.PLLSAI2RoutputFreq_Value=16000000
RCC.SAI1Freq_Value=4571428.571428572
RCC.SAI2Freq_Value=4571428.571428572
RCC.VCOInputFreq_Value=4000000
RCC.VCOOutputFreq_Value=32000000
RCC.VCOSAI1OutputFreq_Value=32000000
RCC.VCOSAI2OutputFreq_Value=32000000
SH.GPXTI4.0=GPIO_EXTI4
SH.GPXTI4.ConfNb=1
SH.GPXTI5.0=GPIO_EXTI5
SH.GPXTI5.ConfNb=1
SH.GPXTI6.0=GPIO_EXTI6
SH.GPXTI6.ConfNb=1
SH.GPXTI7.0=GPIO_EXTI7
SH.GPXTI7.ConfNb=1
SH.GPXTI8.0=GPIO_EXTI8
SH.GPXTI8.ConfNb=1
SH.GPXTI9.0=GPIO_EXTI9
SH.GPXTI9.ConfNb=1
SPI1.CalculateBaudRate=2.0 MBits/s
SPI1.Direction=SPI_DIRECTION_2LINES
SPI1.IPParameters=VirtualType,Mode,Direction,CalculateBaudRate,VirtualNSS
SPI1.Mode=SPI_MODE_MASTER
SPI1.VirtualNSS=VM_NSSHARD
SPI1.VirtualType=VM_MASTER
USART1.IPParameters=VirtualMode-Asynchronous
USART1.VirtualMode-Asynchronous=VM_ASYNC
VP_FREERTOS_VS_ENABLE.Mode=Enabled
VP_FREERTOS_VS_ENABLE.Signal=FREERTOS_VS_ENABLE
VP_SYS_VS_Systick.Mode=SysTick
VP_SYS_VS_Systick.Signal=SYS_VS_Systick
