#MicroXplorer Configuration settings - do not modify
ADC1.Channel-0\#ChannelRegularConversion=ADC_CHANNEL_1
ADC1.IPParameters=Rank-0\#ChannelRegularConversion,Channel-0\#ChannelRegularConversion,SamplingTime-0\#ChannelRegularConversion,OffsetNumber-0\#ChannelRegularConversion,NbrOfConversionFlag,SingleDiff-0\#ChannelRegularConversion,master
ADC1.NbrOfConversionFlag=1
ADC1.OffsetNumber-0\#ChannelRegularConversion=ADC_OFFSET_NONE
ADC1.Rank-0\#ChannelRegularConversion=1
ADC1.SamplingTime-0\#ChannelRegularConversion=ADC_SAMPLETIME_2CYCLES_5
ADC1.SingleDiff-0\#ChannelRegularConversion=ADC_DIFFERENTIAL_ENDED
ADC1.master=1
FREERTOS.IPParameters=Tasks01
FREERTOS.Tasks01=defaultTask,0,128,StartDefaultTask,Default,NULL
File.Version=6
KeepUserPlacement=true
Mcu.Family=STM32L4
Mcu.IP0=ADC1
Mcu.IP1=FREERTOS
Mcu.IP10=USART1
Mcu.IP11=WWDG
Mcu.IP2=I2C1
Mcu.IP3=NVIC
Mcu.IP4=OPAMP1
Mcu.IP5=OPAMP2
Mcu.IP6=RCC
Mcu.IP7=RTC
Mcu.IP8=SPI1
Mcu.IP9=SYS
Mcu.IPNb=12
Mcu.Name=STM32L476R(C-E-G)Tx
Mcu.Package=LQFP64
Mcu.Pin0=PC13
Mcu.Pin1=PC14-OSC32_IN (PC14)
Mcu.Pin10=PA7
Mcu.Pin11=PC5
Mcu.Pin12=PB0
Mcu.Pin13=PB1
Mcu.Pin14=PB2
Mcu.Pin15=PB13
Mcu.Pin16=PB14
Mcu.Pin17=PB15
Mcu.Pin18=PC6
Mcu.Pin19=PC7
Mcu.Pin2=PC15-OSC32_OUT (PC15)
Mcu.Pin20=PC9
Mcu.Pin21=PA8
Mcu.Pin22=PA9
Mcu.Pin23=PA10
Mcu.Pin24=PA11
Mcu.Pin25=PA12
Mcu.Pin26=PA13 (JTMS-SWDIO)
Mcu.Pin27=PA14 (JTCK-SWCLK)
Mcu.Pin28=PA15 (JTDI)
Mcu.Pin29=PC12
Mcu.Pin3=PC0
Mcu.Pin30=PB3 (JTDO-TRACESWO)
Mcu.Pin31=PB4 (NJTRST)
Mcu.Pin32=PB5
Mcu.Pin33=PB6
Mcu.Pin34=PB7
Mcu.Pin35=VP_ADC1_TempSens_Input
Mcu.Pin36=VP_ADC1_Vref_Input
Mcu.Pin37=VP_ADC1_Vbat_Input
Mcu.Pin38=VP_FREERTOS_VS_ENABLE
Mcu.Pin39=VP_RTC_VS_RTC_Activate
Mcu.Pin4=PC1
Mcu.Pin40=VP_SYS_VS_tim1
Mcu.Pin41=VP_WWDG_VS_WWDG
Mcu.Pin5=PA0
Mcu.Pin6=PA1
Mcu.Pin7=PA3
Mcu.Pin8=PA5
Mcu.Pin9=PA6
Mcu.PinsNb=42
Mcu.ThirdPartyNb=0
Mcu.UserConstants=
Mcu.UserName=STM32L476RETx
MxCube.Version=4.24.0
MxDb.Version=DB.4.0.240
NVIC.BusFault_IRQn=true\:0\:0\:false\:false\:true\:false\:false
NVIC.DebugMonitor_IRQn=true\:0\:0\:false\:false\:true\:false\:false
NVIC.HardFault_IRQn=true\:0\:0\:false\:false\:true\:false\:false
NVIC.MemoryManagement_IRQn=true\:0\:0\:false\:false\:true\:false\:false
NVIC.NonMaskableInt_IRQn=true\:0\:0\:false\:false\:true\:false\:false
NVIC.PendSV_IRQn=true\:15\:0\:false\:false\:false\:true\:false
NVIC.PriorityGroup=NVIC_PRIORITYGROUP_4
NVIC.SVCall_IRQn=true\:0\:0\:false\:false\:false\:false\:false
NVIC.SysTick_IRQn=true\:15\:0\:false\:false\:true\:true\:false
NVIC.TIM1_UP_TIM16_IRQn=true\:0\:0\:false\:false\:true\:false\:false
NVIC.TimeBase=TIM1_UP_TIM16_IRQn
NVIC.TimeBaseIP=TIM1
NVIC.UsageFault_IRQn=true\:0\:0\:false\:false\:true\:false\:false
OPAMP1.IPParameters=PowerSupplyRange
OPAMP1.PowerSupplyRange=OPAMP_POWERSUPPLY_LOW
PA0.GPIOParameters=GPIO_Label
PA0.GPIO_Label=OPAMP1+
PA0.Mode=Standalone
PA0.Signal=OPAMP1_VINP
PA1.GPIOParameters=GPIO_Label
PA1.GPIO_Label=OPAMP1-
PA1.Mode=Standalone
PA1.Signal=OPAMP1_VINM
PA10.Locked=true
PA10.Mode=Asynchronous
PA10.Signal=USART1_RX
PA11.GPIOParameters=GPIO_Label
PA11.GPIO_Label=PANASHUTTER
PA11.Locked=true
PA11.Signal=GPIO_Output
PA12.GPIOParameters=GPIO_Label
PA12.GPIO_Label=PANAFOCUS
PA12.Locked=true
PA12.Signal=GPIO_Output
PA13\ (JTMS-SWDIO).Locked=true
PA13\ (JTMS-SWDIO).Mode=Trace_Asynchronous_SW
PA13\ (JTMS-SWDIO).Signal=SYS_JTMS-SWDIO
PA14\ (JTCK-SWCLK).Locked=true
PA14\ (JTCK-SWCLK).Mode=Trace_Asynchronous_SW
PA14\ (JTCK-SWCLK).Signal=SYS_JTCK-SWCLK
PA15\ (JTDI).GPIOParameters=GPIO_Label
PA15\ (JTDI).GPIO_Label=CS
PA15\ (JTDI).Locked=true
PA15\ (JTDI).Mode=NSS_Signal_Hard_Output
PA15\ (JTDI).Signal=SPI1_NSS
PA3.Mode=Standalone
PA3.Signal=OPAMP1_VOUT
PA5.GPIOParameters=GPIO_Label
PA5.GPIO_Label=SCK
PA5.Locked=true
PA5.Mode=TX_Only_Simplex_Unidirect_Master
PA5.Signal=SPI1_SCK
PA6.GPIOParameters=GPIO_Label
PA6.GPIO_Label=OPAMP2+
PA6.Locked=true
PA6.Mode=PGA Connected
PA6.Signal=OPAMP2_VINP
PA7.GPIOParameters=GPIO_Label
PA7.GPIO_Label=OPAMP2-
PA7.Locked=true
PA7.Mode=PGA Connected
PA7.Signal=OPAMP2_VINM
PA8.GPIOParameters=GPIO_Label
PA8.GPIO_Label=KEY_UP
PA8.Locked=true
PA8.Signal=GPXTI8
PA9.Locked=true
PA9.Mode=Asynchronous
PA9.Signal=USART1_TX
PB0.GPIOParameters=GPIO_Label
PB0.GPIO_Label=OPAMP2OUT
PB0.Locked=true
PB0.Mode=PGA Connected
PB0.Signal=OPAMP2_VOUT
PB1.GPIOParameters=GPIO_Label
PB1.GPIO_Label=FOCUS
PB1.Locked=true
PB1.Signal=GPIO_Output
PB13.GPIOParameters=GPIO_Label
PB13.GPIO_Label=EINK_BS
PB13.Locked=true
PB13.Signal=GPIO_Input
PB14.GPIOParameters=GPIO_Label
PB14.GPIO_Label=EINK_BUSY
PB14.Locked=true
PB14.Signal=GPIO_Input
PB15.GPIOParameters=GPIO_Label
PB15.GPIO_Label=EINK_RST
PB15.Locked=true
PB15.Signal=GPIO_Output
PB2.GPIOParameters=GPIO_Label
PB2.GPIO_Label=SHUTTER
PB2.Locked=true
PB2.Signal=GPIO_Output
PB3\ (JTDO-TRACESWO).Locked=true
PB3\ (JTDO-TRACESWO).Mode=Trace_Asynchronous_SW
PB3\ (JTDO-TRACESWO).Signal=SYS_JTDO-SWO
PB4\ (NJTRST).GPIOParameters=GPIO_Label
PB4\ (NJTRST).GPIO_Label=AMBIENT
PB4\ (NJTRST).Locked=true
PB4\ (NJTRST).Signal=GPXTI4
PB5.GPIOParameters=GPIO_Label
PB5.GPIO_Label=MOSI
PB5.Mode=TX_Only_Simplex_Unidirect_Master
PB5.Signal=SPI1_MOSI
PB6.GPIOParameters=GPIO_Label
PB6.GPIO_Label=SCL
PB6.Locked=true
PB6.Mode=I2C
PB6.Signal=I2C1_SCL
PB7.GPIOParameters=GPIO_Label
PB7.GPIO_Label=SDA
PB7.Locked=true
PB7.Mode=I2C
PB7.Signal=I2C1_SDA
PC0.GPIOParameters=GPIO_Label
PC0.GPIO_Label=OPAMP2OUT
PC0.Locked=true
PC0.Signal=ADCx_IN1
PC1.GPIOParameters=GPIO_Label
PC1.GPIO_Label=OPAMP2+
PC1.Locked=true
PC1.Signal=ADCx_IN2
PC12.GPIOParameters=GPIO_Label
PC12.GPIO_Label=EINK_DC
PC12.Locked=true
PC12.Signal=GPIO_Input
PC13.GPIOParameters=GPIO_Label
PC13.GPIO_Label=EINK_PWR
PC13.Locked=true
PC13.Signal=GPIO_Output
PC14-OSC32_IN\ (PC14).Mode=LSE-External-Oscillator
PC14-OSC32_IN\ (PC14).Signal=RCC_OSC32_IN
PC15-OSC32_OUT\ (PC15).Mode=LSE-External-Oscillator
PC15-OSC32_OUT\ (PC15).Signal=RCC_OSC32_OUT
PC5.GPIOParameters=GPIO_Label
PC5.GPIO_Label=KEY_OK
PC5.Locked=true
PC5.Mode=SYS_WakeUp4
PC5.Signal=SYS_WKUP5
PC6.GPIOParameters=GPIO_Label
PC6.GPIO_Label=KEY_DOWN
PC6.Locked=true
PC6.Signal=GPXTI6
PC7.GPIOParameters=GPIO_Label
PC7.GPIO_Label=KEY_RIGHT
PC7.Locked=true
PC7.Signal=GPXTI7
PC9.GPIOParameters=GPIO_Label
PC9.GPIO_Label=KEY_LEFT
PC9.Locked=true
PC9.Signal=GPXTI9
PCC.Checker=true
PCC.Line=STM32L4x6
PCC.MCU=STM32L476R(C-E-G)Tx
PCC.PartNumber=STM32L476RETx
PCC.Seq0=0
PCC.Series=STM32L4
PCC.Temperature=25
PCC.Vdd=null
PinOutPanel.RotationAngle=0
ProjectManager.AskForMigrate=true
ProjectManager.BackupPrevious=false
ProjectManager.CompilerOptimize=2
ProjectManager.ComputerToolchain=false
ProjectManager.CoupleFile=true
ProjectManager.CustomerFirmwarePackage=/home/dari/STM32Cube/Repository/STM32Cube_FW_L4_V1.11.0
ProjectManager.DefaultFWLocation=true
ProjectManager.DeletePrevious=true
ProjectManager.DeviceId=STM32L476RETx
ProjectManager.FirmwarePackage=STM32Cube FW_L4 V1.11.0
ProjectManager.FreePins=true
ProjectManager.HalAssertFull=true
ProjectManager.HeapSize=0x800
ProjectManager.KeepUserCode=true
ProjectManager.LastFirmware=true
ProjectManager.LibraryCopy=0
ProjectManager.PreviousToolchain=
ProjectManager.ProjectBuild=false
ProjectManager.ProjectFileName=hal.ioc
ProjectManager.ProjectName=hal
ProjectManager.StackSize=0x1000
ProjectManager.TargetToolchain=Makefile
ProjectManager.ToolChainLocation=
ProjectManager.UnderRoot=false
ProjectManager.functionlistsort=1-MX_GPIO_Init-GPIO-false-HAL-true,2-SystemClock_Config-RCC-false-HAL-true,3-MX_I2C1_Init-I2C1-false-HAL-true,4-MX_OPAMP1_Init-OPAMP1-false-HAL-true,5-MX_OPAMP2_Init-OPAMP2-false-HAL-true,6-MX_SPI1_Init-SPI1-false-HAL-true,7-MX_USART1_UART_Init-USART1-false-HAL-true,8-MX_ADC1_Init-ADC1-false-HAL-true,9-MX_WWDG_Init-WWDG-false-HAL-true,10-MX_RTC_Init-RTC-false-HAL-true
RCC.ADCFreq_Value=32000000
RCC.FamilyName=M
RCC.HSE_VALUE=8000000
RCC.HSI_VALUE=16000000
RCC.IPParameters=ADCFreq_Value,FamilyName,HSE_VALUE,HSI_VALUE,LSCOPinFreq_Value,LSI_VALUE,MSI_VALUE,PLLPoutputFreq_Value,PLLQoutputFreq_Value,PLLRCLKFreq_Value,PLLSAI1N,PLLSAI1PoutputFreq_Value,PLLSAI1QoutputFreq_Value,PLLSAI1RoutputFreq_Value,PLLSAI2PoutputFreq_Value,PLLSAI2RoutputFreq_Value,RNGFreq_Value,SAI1Freq_Value,SAI2Freq_Value,SDMMCFreq_Value,USBFreq_Value,VCOInputFreq_Value,VCOOutputFreq_Value,VCOSAI1OutputFreq_Value,VCOSAI2OutputFreq_Value
RCC.LSCOPinFreq_Value=32000
RCC.LSI_VALUE=32000
RCC.MSI_VALUE=4000000
RCC.PLLPoutputFreq_Value=4571428.571428572
RCC.PLLQoutputFreq_Value=16000000
RCC.PLLRCLKFreq_Value=16000000
RCC.PLLSAI1N=16
RCC.PLLSAI1PoutputFreq_Value=9142857.142857144
RCC.PLLSAI1QoutputFreq_Value=32000000
RCC.PLLSAI1RoutputFreq_Value=32000000
RCC.PLLSAI2PoutputFreq_Value=4571428.571428572
RCC.PLLSAI2RoutputFreq_Value=16000000
RCC.RNGFreq_Value=32000000
RCC.SAI1Freq_Value=9142857.142857144
RCC.SAI2Freq_Value=9142857.142857144
RCC.SDMMCFreq_Value=32000000
RCC.USBFreq_Value=32000000
RCC.VCOInputFreq_Value=4000000
RCC.VCOOutputFreq_Value=32000000
RCC.VCOSAI1OutputFreq_Value=64000000
RCC.VCOSAI2OutputFreq_Value=32000000
SH.ADCx_IN1.0=ADC1_IN1,IN1-Differential
SH.ADCx_IN1.ConfNb=1
SH.ADCx_IN2.0=ADC1_IN2,IN1-Differential
SH.ADCx_IN2.ConfNb=1
SH.GPXTI4.0=GPIO_EXTI4
SH.GPXTI4.ConfNb=1
SH.GPXTI6.0=GPIO_EXTI6
SH.GPXTI6.ConfNb=1
SH.GPXTI7.0=GPIO_EXTI7
SH.GPXTI7.ConfNb=1
SH.GPXTI8.0=GPIO_EXTI8
SH.GPXTI8.ConfNb=1
SH.GPXTI9.0=GPIO_EXTI9
SH.GPXTI9.ConfNb=1
SPI1.CalculateBaudRate=2.0 MBits/s
SPI1.Direction=SPI_DIRECTION_2LINES
SPI1.IPParameters=VirtualType,Mode,Direction,CalculateBaudRate,VirtualNSS
SPI1.Mode=SPI_MODE_MASTER
SPI1.VirtualNSS=VM_NSSHARD
SPI1.VirtualType=VM_MASTER
USART1.IPParameters=VirtualMode-Asynchronous
USART1.VirtualMode-Asynchronous=VM_ASYNC
VP_ADC1_TempSens_Input.Mode=IN-TempSens
VP_ADC1_TempSens_Input.Signal=ADC1_TempSens_Input
VP_ADC1_Vbat_Input.Mode=IN-Vbat
VP_ADC1_Vbat_Input.Signal=ADC1_Vbat_Input
VP_ADC1_Vref_Input.Mode=IN-Vrefint
VP_ADC1_Vref_Input.Signal=ADC1_Vref_Input
VP_FREERTOS_VS_ENABLE.Mode=Enabled
VP_FREERTOS_VS_ENABLE.Signal=FREERTOS_VS_ENABLE
VP_RTC_VS_RTC_Activate.Mode=RTC_Enabled
VP_RTC_VS_RTC_Activate.Signal=RTC_VS_RTC_Activate
VP_SYS_VS_tim1.Mode=TIM1
VP_SYS_VS_tim1.Signal=SYS_VS_tim1
VP_WWDG_VS_WWDG.Mode=WWDG_Activate
VP_WWDG_VS_WWDG.Signal=WWDG_VS_WWDG
board=hal
